
Microsoft Visual Studio Solution File, Format Version 12.00
# Visual Studio Version 16
VisualStudioVersion = 16.0.29613.14
MinimumVisualStudioVersion = 10.0.40219.1
Project("{D954291E-2A0B-460D-934E-DC6B0785DB48}") = "UnoJavaScriptInteropSample.Shared", "UnoJavaScriptInteropSample\UnoJavaScriptInteropSample.Shared\UnoJavaScriptInteropSample.Shared.shproj", "{6279C845-92F8-4333-AB99-3D213163593C}"
EndProject
Project("{FAE04EC0-301F-11D3-BF4B-00C04F79EFBC}") = "UnoJavaScriptInteropSample.Droid", "UnoJavaScriptInteropSample\UnoJavaScriptInteropSample.Droid\UnoJavaScriptInteropSample.Droid.csproj", "{26E3F68A-93E3-46CB-9985-ABBA9A3CB53E}"
EndProject
Project("{FAE04EC0-301F-11D3-BF4B-00C04F79EFBC}") = "UnoJavaScriptInteropSample.iOS", "UnoJavaScriptInteropSample\UnoJavaScriptInteropSample.iOS\UnoJavaScriptInteropSample.iOS.csproj", "{E47AA64C-B8BB-4FC9-8601-701B4792D168}"
EndProject
Project("{FAE04EC0-301F-11D3-BF4B-00C04F79EFBC}") = "UnoJavaScriptInteropSample.UWP", "UnoJavaScriptInteropSample\UnoJavaScriptInteropSample.UWP\UnoJavaScriptInteropSample.UWP.csproj", "{65FE5F43-6BC7-4A95-8C1A-B68932767CFC}"
EndProject
Project("{9A19103F-16F7-4668-BE54-9A1E7A4F7556}") = "UnoJavaScriptInteropSample.Wasm", "UnoJavaScriptInteropSample\UnoJavaScriptInteropSample.Wasm\UnoJavaScriptInteropSample.Wasm.csproj", "{FA2E35DB-1A62-4A72-A955-ACE97A294E07}"
EndProject
Global
	GlobalSection(SharedMSBuildProjectFiles) = preSolution
		UnoJavaScriptInteropSample\UnoJavaScriptInteropSample.Shared\UnoJavaScriptInteropSample.Shared.projitems*{26e3f68a-93e3-46cb-9985-abba9a3cb53e}*SharedItemsImports = 4
		UnoJavaScriptInteropSample\UnoJavaScriptInteropSample.Shared\UnoJavaScriptInteropSample.Shared.projitems*{6279c845-92f8-4333-ab99-3d213163593c}*SharedItemsImports = 13
		UnoJavaScriptInteropSample\UnoJavaScriptInteropSample.Shared\UnoJavaScriptInteropSample.Shared.projitems*{65fe5f43-6bc7-4a95-8c1a-b68932767cfc}*SharedItemsImports = 4
		UnoJavaScriptInteropSample\UnoJavaScriptInteropSample.Shared\UnoJavaScriptInteropSample.Shared.projitems*{e47aa64c-b8bb-4fc9-8601-701b4792d168}*SharedItemsImports = 4
	EndGlobalSection
	GlobalSection(SolutionConfigurationPlatforms) = preSolution
		Ad-Hoc|Any CPU = Ad-Hoc|Any CPU
		Ad-Hoc|ARM = Ad-Hoc|ARM
		Ad-Hoc|iPhone = Ad-Hoc|iPhone
		Ad-Hoc|iPhoneSimulator = Ad-Hoc|iPhoneSimulator
		Ad-Hoc|x64 = Ad-Hoc|x64
		Ad-Hoc|x86 = Ad-Hoc|x86
		AppStore|Any CPU = AppStore|Any CPU
		AppStore|ARM = AppStore|ARM
		AppStore|iPhone = AppStore|iPhone
		AppStore|iPhoneSimulator = AppStore|iPhoneSimulator
		AppStore|x64 = AppStore|x64
		AppStore|x86 = AppStore|x86
		Debug|Any CPU = Debug|Any CPU
		Debug|ARM = Debug|ARM
		Debug|iPhone = Debug|iPhone
		Debug|iPhoneSimulator = Debug|iPhoneSimulator
		Debug|x64 = Debug|x64
		Debug|x86 = Debug|x86
		Release|Any CPU = Release|Any CPU
		Release|ARM = Release|ARM
		Release|iPhone = Release|iPhone
		Release|iPhoneSimulator = Release|iPhoneSimulator
		Release|x64 = Release|x64
		Release|x86 = Release|x86
	EndGlobalSection
	GlobalSection(ProjectConfigurationPlatforms) = postSolution
		{26E3F68A-93E3-46CB-9985-ABBA9A3CB53E}.Ad-Hoc|Any CPU.ActiveCfg = Release|Any CPU
		{26E3F68A-93E3-46CB-9985-ABBA9A3CB53E}.Ad-Hoc|Any CPU.Build.0 = Release|Any CPU
		{26E3F68A-93E3-46CB-9985-ABBA9A3CB53E}.Ad-Hoc|Any CPU.Deploy.0 = Release|Any CPU
		{26E3F68A-93E3-46CB-9985-ABBA9A3CB53E}.Ad-Hoc|ARM.ActiveCfg = Release|Any CPU
		{26E3F68A-93E3-46CB-9985-ABBA9A3CB53E}.Ad-Hoc|ARM.Build.0 = Release|Any CPU
		{26E3F68A-93E3-46CB-9985-ABBA9A3CB53E}.Ad-Hoc|ARM.Deploy.0 = Release|Any CPU
		{26E3F68A-93E3-46CB-9985-ABBA9A3CB53E}.Ad-Hoc|iPhone.ActiveCfg = Release|Any CPU
		{26E3F68A-93E3-46CB-9985-ABBA9A3CB53E}.Ad-Hoc|iPhone.Build.0 = Release|Any CPU
		{26E3F68A-93E3-46CB-9985-ABBA9A3CB53E}.Ad-Hoc|iPhone.Deploy.0 = Release|Any CPU
		{26E3F68A-93E3-46CB-9985-ABBA9A3CB53E}.Ad-Hoc|iPhoneSimulator.ActiveCfg = Release|Any CPU
		{26E3F68A-93E3-46CB-9985-ABBA9A3CB53E}.Ad-Hoc|iPhoneSimulator.Build.0 = Release|Any CPU
		{26E3F68A-93E3-46CB-9985-ABBA9A3CB53E}.Ad-Hoc|iPhoneSimulator.Deploy.0 = Release|Any CPU
		{26E3F68A-93E3-46CB-9985-ABBA9A3CB53E}.Ad-Hoc|x64.ActiveCfg = Release|Any CPU
		{26E3F68A-93E3-46CB-9985-ABBA9A3CB53E}.Ad-Hoc|x64.Build.0 = Release|Any CPU
		{26E3F68A-93E3-46CB-9985-ABBA9A3CB53E}.Ad-Hoc|x64.Deploy.0 = Release|Any CPU
		{26E3F68A-93E3-46CB-9985-ABBA9A3CB53E}.Ad-Hoc|x86.ActiveCfg = Release|Any CPU
		{26E3F68A-93E3-46CB-9985-ABBA9A3CB53E}.Ad-Hoc|x86.Build.0 = Release|Any CPU
		{26E3F68A-93E3-46CB-9985-ABBA9A3CB53E}.Ad-Hoc|x86.Deploy.0 = Release|Any CPU
		{26E3F68A-93E3-46CB-9985-ABBA9A3CB53E}.AppStore|Any CPU.ActiveCfg = Release|Any CPU
		{26E3F68A-93E3-46CB-9985-ABBA9A3CB53E}.AppStore|Any CPU.Build.0 = Release|Any CPU
		{26E3F68A-93E3-46CB-9985-ABBA9A3CB53E}.AppStore|Any CPU.Deploy.0 = Release|Any CPU
		{26E3F68A-93E3-46CB-9985-ABBA9A3CB53E}.AppStore|ARM.ActiveCfg = Release|Any CPU
		{26E3F68A-93E3-46CB-9985-ABBA9A3CB53E}.AppStore|ARM.Build.0 = Release|Any CPU
		{26E3F68A-93E3-46CB-9985-ABBA9A3CB53E}.AppStore|ARM.Deploy.0 = Release|Any CPU
		{26E3F68A-93E3-46CB-9985-ABBA9A3CB53E}.AppStore|iPhone.ActiveCfg = Release|Any CPU
		{26E3F68A-93E3-46CB-9985-ABBA9A3CB53E}.AppStore|iPhone.Build.0 = Release|Any CPU
		{26E3F68A-93E3-46CB-9985-ABBA9A3CB53E}.AppStore|iPhone.Deploy.0 = Release|Any CPU
		{26E3F68A-93E3-46CB-9985-ABBA9A3CB53E}.AppStore|iPhoneSimulator.ActiveCfg = Release|Any CPU
		{26E3F68A-93E3-46CB-9985-ABBA9A3CB53E}.AppStore|iPhoneSimulator.Build.0 = Release|Any CPU
		{26E3F68A-93E3-46CB-9985-ABBA9A3CB53E}.AppStore|iPhoneSimulator.Deploy.0 = Release|Any CPU
		{26E3F68A-93E3-46CB-9985-ABBA9A3CB53E}.AppStore|x64.ActiveCfg = Release|Any CPU
		{26E3F68A-93E3-46CB-9985-ABBA9A3CB53E}.AppStore|x64.Build.0 = Release|Any CPU
		{26E3F68A-93E3-46CB-9985-ABBA9A3CB53E}.AppStore|x64.Deploy.0 = Release|Any CPU
		{26E3F68A-93E3-46CB-9985-ABBA9A3CB53E}.AppStore|x86.ActiveCfg = Release|Any CPU
		{26E3F68A-93E3-46CB-9985-ABBA9A3CB53E}.AppStore|x86.Build.0 = Release|Any CPU
		{26E3F68A-93E3-46CB-9985-ABBA9A3CB53E}.AppStore|x86.Deploy.0 = Release|Any CPU
		{26E3F68A-93E3-46CB-9985-ABBA9A3CB53E}.Debug|Any CPU.ActiveCfg = Debug|Any CPU
		{26E3F68A-93E3-46CB-9985-ABBA9A3CB53E}.Debug|Any CPU.Build.0 = Debug|Any CPU
		{26E3F68A-93E3-46CB-9985-ABBA9A3CB53E}.Debug|Any CPU.Deploy.0 = Debug|Any CPU
		{26E3F68A-93E3-46CB-9985-ABBA9A3CB53E}.Debug|ARM.ActiveCfg = Debug|Any CPU
		{26E3F68A-93E3-46CB-9985-ABBA9A3CB53E}.Debug|ARM.Build.0 = Debug|Any CPU
		{26E3F68A-93E3-46CB-9985-ABBA9A3CB53E}.Debug|ARM.Deploy.0 = Debug|Any CPU
		{26E3F68A-93E3-46CB-9985-ABBA9A3CB53E}.Debug|iPhone.ActiveCfg = Debug|Any CPU
		{26E3F68A-93E3-46CB-9985-ABBA9A3CB53E}.Debug|iPhone.Build.0 = Debug|Any CPU
		{26E3F68A-93E3-46CB-9985-ABBA9A3CB53E}.Debug|iPhone.Deploy.0 = Debug|Any CPU
		{26E3F68A-93E3-46CB-9985-ABBA9A3CB53E}.Debug|iPhoneSimulator.ActiveCfg = Debug|Any CPU
		{26E3F68A-93E3-46CB-9985-ABBA9A3CB53E}.Debug|iPhoneSimulator.Build.0 = Debug|Any CPU
		{26E3F68A-93E3-46CB-9985-ABBA9A3CB53E}.Debug|iPhoneSimulator.Deploy.0 = Debug|Any CPU
		{26E3F68A-93E3-46CB-9985-ABBA9A3CB53E}.Debug|x64.ActiveCfg = Debug|Any CPU
		{26E3F68A-93E3-46CB-9985-ABBA9A3CB53E}.Debug|x64.Build.0 = Debug|Any CPU
		{26E3F68A-93E3-46CB-9985-ABBA9A3CB53E}.Debug|x64.Deploy.0 = Debug|Any CPU
		{26E3F68A-93E3-46CB-9985-ABBA9A3CB53E}.Debug|x86.ActiveCfg = Debug|Any CPU
		{26E3F68A-93E3-46CB-9985-ABBA9A3CB53E}.Debug|x86.Build.0 = Debug|Any CPU
		{26E3F68A-93E3-46CB-9985-ABBA9A3CB53E}.Debug|x86.Deploy.0 = Debug|Any CPU
		{26E3F68A-93E3-46CB-9985-ABBA9A3CB53E}.Release|Any CPU.ActiveCfg = Release|Any CPU
		{26E3F68A-93E3-46CB-9985-ABBA9A3CB53E}.Release|Any CPU.Build.0 = Release|Any CPU
		{26E3F68A-93E3-46CB-9985-ABBA9A3CB53E}.Release|Any CPU.Deploy.0 = Release|Any CPU
		{26E3F68A-93E3-46CB-9985-ABBA9A3CB53E}.Release|ARM.ActiveCfg = Release|Any CPU
		{26E3F68A-93E3-46CB-9985-ABBA9A3CB53E}.Release|ARM.Build.0 = Release|Any CPU
		{26E3F68A-93E3-46CB-9985-ABBA9A3CB53E}.Release|ARM.Deploy.0 = Release|Any CPU
		{26E3F68A-93E3-46CB-9985-ABBA9A3CB53E}.Release|iPhone.ActiveCfg = Release|Any CPU
		{26E3F68A-93E3-46CB-9985-ABBA9A3CB53E}.Release|iPhone.Build.0 = Release|Any CPU
		{26E3F68A-93E3-46CB-9985-ABBA9A3CB53E}.Release|iPhone.Deploy.0 = Release|Any CPU
		{26E3F68A-93E3-46CB-9985-ABBA9A3CB53E}.Release|iPhoneSimulator.ActiveCfg = Release|Any CPU
		{26E3F68A-93E3-46CB-9985-ABBA9A3CB53E}.Release|iPhoneSimulator.Build.0 = Release|Any CPU
		{26E3F68A-93E3-46CB-9985-ABBA9A3CB53E}.Release|iPhoneSimulator.Deploy.0 = Release|Any CPU
		{26E3F68A-93E3-46CB-9985-ABBA9A3CB53E}.Release|x64.ActiveCfg = Release|Any CPU
		{26E3F68A-93E3-46CB-9985-ABBA9A3CB53E}.Release|x64.Build.0 = Release|Any CPU
		{26E3F68A-93E3-46CB-9985-ABBA9A3CB53E}.Release|x64.Deploy.0 = Release|Any CPU
		{26E3F68A-93E3-46CB-9985-ABBA9A3CB53E}.Release|x86.ActiveCfg = Release|Any CPU
		{26E3F68A-93E3-46CB-9985-ABBA9A3CB53E}.Release|x86.Build.0 = Release|Any CPU
		{26E3F68A-93E3-46CB-9985-ABBA9A3CB53E}.Release|x86.Deploy.0 = Release|Any CPU
		{E47AA64C-B8BB-4FC9-8601-701B4792D168}.Ad-Hoc|Any CPU.ActiveCfg = Ad-Hoc|iPhone
		{E47AA64C-B8BB-4FC9-8601-701B4792D168}.Ad-Hoc|ARM.ActiveCfg = Ad-Hoc|iPhone
		{E47AA64C-B8BB-4FC9-8601-701B4792D168}.Ad-Hoc|iPhone.ActiveCfg = Ad-Hoc|iPhone
		{E47AA64C-B8BB-4FC9-8601-701B4792D168}.Ad-Hoc|iPhone.Build.0 = Ad-Hoc|iPhone
		{E47AA64C-B8BB-4FC9-8601-701B4792D168}.Ad-Hoc|iPhoneSimulator.ActiveCfg = Ad-Hoc|iPhoneSimulator
		{E47AA64C-B8BB-4FC9-8601-701B4792D168}.Ad-Hoc|iPhoneSimulator.Build.0 = Ad-Hoc|iPhoneSimulator
		{E47AA64C-B8BB-4FC9-8601-701B4792D168}.Ad-Hoc|x64.ActiveCfg = Ad-Hoc|iPhone
		{E47AA64C-B8BB-4FC9-8601-701B4792D168}.Ad-Hoc|x86.ActiveCfg = Ad-Hoc|iPhone
		{E47AA64C-B8BB-4FC9-8601-701B4792D168}.AppStore|Any CPU.ActiveCfg = AppStore|iPhone
		{E47AA64C-B8BB-4FC9-8601-701B4792D168}.AppStore|ARM.ActiveCfg = AppStore|iPhone
		{E47AA64C-B8BB-4FC9-8601-701B4792D168}.AppStore|iPhone.ActiveCfg = AppStore|iPhone
		{E47AA64C-B8BB-4FC9-8601-701B4792D168}.AppStore|iPhone.Build.0 = AppStore|iPhone
		{E47AA64C-B8BB-4FC9-8601-701B4792D168}.AppStore|iPhoneSimulator.ActiveCfg = AppStore|iPhoneSimulator
		{E47AA64C-B8BB-4FC9-8601-701B4792D168}.AppStore|iPhoneSimulator.Build.0 = AppStore|iPhoneSimulator
		{E47AA64C-B8BB-4FC9-8601-701B4792D168}.AppStore|x64.ActiveCfg = AppStore|iPhone
		{E47AA64C-B8BB-4FC9-8601-701B4792D168}.AppStore|x86.ActiveCfg = AppStore|iPhone
		{E47AA64C-B8BB-4FC9-8601-701B4792D168}.Debug|Any CPU.ActiveCfg = Debug|iPhone
		{E47AA64C-B8BB-4FC9-8601-701B4792D168}.Debug|ARM.ActiveCfg = Debug|iPhone
		{E47AA64C-B8BB-4FC9-8601-701B4792D168}.Debug|iPhone.ActiveCfg = Debug|iPhone
		{E47AA64C-B8BB-4FC9-8601-701B4792D168}.Debug|iPhone.Build.0 = Debug|iPhone
		{E47AA64C-B8BB-4FC9-8601-701B4792D168}.Debug|iPhoneSimulator.ActiveCfg = Debug|iPhoneSimulator
		{E47AA64C-B8BB-4FC9-8601-701B4792D168}.Debug|iPhoneSimulator.Build.0 = Debug|iPhoneSimulator
		{E47AA64C-B8BB-4FC9-8601-701B4792D168}.Debug|x64.ActiveCfg = Debug|iPhone
		{E47AA64C-B8BB-4FC9-8601-701B4792D168}.Debug|x86.ActiveCfg = Debug|iPhone
		{E47AA64C-B8BB-4FC9-8601-701B4792D168}.Release|Any CPU.ActiveCfg = Release|iPhone
		{E47AA64C-B8BB-4FC9-8601-701B4792D168}.Release|ARM.ActiveCfg = Release|iPhone
		{E47AA64C-B8BB-4FC9-8601-701B4792D168}.Release|iPhone.ActiveCfg = Release|iPhone
		{E47AA64C-B8BB-4FC9-8601-701B4792D168}.Release|iPhone.Build.0 = Release|iPhone
		{E47AA64C-B8BB-4FC9-8601-701B4792D168}.Release|iPhoneSimulator.ActiveCfg = Release|iPhoneSimulator
		{E47AA64C-B8BB-4FC9-8601-701B4792D168}.Release|iPhoneSimulator.Build.0 = Release|iPhoneSimulator
		{E47AA64C-B8BB-4FC9-8601-701B4792D168}.Release|x64.ActiveCfg = Release|iPhone
		{E47AA64C-B8BB-4FC9-8601-701B4792D168}.Release|x86.ActiveCfg = Release|iPhone
		{65FE5F43-6BC7-4A95-8C1A-B68932767CFC}.Ad-Hoc|Any CPU.ActiveCfg = Release|x64
		{65FE5F43-6BC7-4A95-8C1A-B68932767CFC}.Ad-Hoc|Any CPU.Build.0 = Release|x64
		{65FE5F43-6BC7-4A95-8C1A-B68932767CFC}.Ad-Hoc|Any CPU.Deploy.0 = Release|x64
		{65FE5F43-6BC7-4A95-8C1A-B68932767CFC}.Ad-Hoc|ARM.ActiveCfg = Release|ARM
		{65FE5F43-6BC7-4A95-8C1A-B68932767CFC}.Ad-Hoc|ARM.Build.0 = Release|ARM
		{65FE5F43-6BC7-4A95-8C1A-B68932767CFC}.Ad-Hoc|ARM.Deploy.0 = Release|ARM
		{65FE5F43-6BC7-4A95-8C1A-B68932767CFC}.Ad-Hoc|iPhone.ActiveCfg = Release|x64
		{65FE5F43-6BC7-4A95-8C1A-B68932767CFC}.Ad-Hoc|iPhone.Build.0 = Release|x64
		{65FE5F43-6BC7-4A95-8C1A-B68932767CFC}.Ad-Hoc|iPhone.Deploy.0 = Release|x64
		{65FE5F43-6BC7-4A95-8C1A-B68932767CFC}.Ad-Hoc|iPhoneSimulator.ActiveCfg = Release|x64
		{65FE5F43-6BC7-4A95-8C1A-B68932767CFC}.Ad-Hoc|iPhoneSimulator.Build.0 = Release|x64
		{65FE5F43-6BC7-4A95-8C1A-B68932767CFC}.Ad-Hoc|iPhoneSimulator.Deploy.0 = Release|x64
		{65FE5F43-6BC7-4A95-8C1A-B68932767CFC}.Ad-Hoc|x64.ActiveCfg = Release|x64
		{65FE5F43-6BC7-4A95-8C1A-B68932767CFC}.Ad-Hoc|x64.Build.0 = Release|x64
		{65FE5F43-6BC7-4A95-8C1A-B68932767CFC}.Ad-Hoc|x64.Deploy.0 = Release|x64
		{65FE5F43-6BC7-4A95-8C1A-B68932767CFC}.Ad-Hoc|x86.ActiveCfg = Release|x86
		{65FE5F43-6BC7-4A95-8C1A-B68932767CFC}.Ad-Hoc|x86.Build.0 = Release|x86
		{65FE5F43-6BC7-4A95-8C1A-B68932767CFC}.Ad-Hoc|x86.Deploy.0 = Release|x86
		{65FE5F43-6BC7-4A95-8C1A-B68932767CFC}.AppStore|Any CPU.ActiveCfg = Release|x64
		{65FE5F43-6BC7-4A95-8C1A-B68932767CFC}.AppStore|Any CPU.Build.0 = Release|x64
		{65FE5F43-6BC7-4A95-8C1A-B68932767CFC}.AppStore|Any CPU.Deploy.0 = Release|x64
		{65FE5F43-6BC7-4A95-8C1A-B68932767CFC}.AppStore|ARM.ActiveCfg = Release|ARM
		{65FE5F43-6BC7-4A95-8C1A-B68932767CFC}.AppStore|ARM.Build.0 = Release|ARM
		{65FE5F43-6BC7-4A95-8C1A-B68932767CFC}.AppStore|ARM.Deploy.0 = Release|ARM
		{65FE5F43-6BC7-4A95-8C1A-B68932767CFC}.AppStore|iPhone.ActiveCfg = Release|x64
		{65FE5F43-6BC7-4A95-8C1A-B68932767CFC}.AppStore|iPhone.Build.0 = Release|x64
		{65FE5F43-6BC7-4A95-8C1A-B68932767CFC}.AppStore|iPhone.Deploy.0 = Release|x64
		{65FE5F43-6BC7-4A95-8C1A-B68932767CFC}.AppStore|iPhoneSimulator.ActiveCfg = Release|x64
		{65FE5F43-6BC7-4A95-8C1A-B68932767CFC}.AppStore|iPhoneSimulator.Build.0 = Release|x64
		{65FE5F43-6BC7-4A95-8C1A-B68932767CFC}.AppStore|iPhoneSimulator.Deploy.0 = Release|x64
		{65FE5F43-6BC7-4A95-8C1A-B68932767CFC}.AppStore|x64.ActiveCfg = Release|x64
		{65FE5F43-6BC7-4A95-8C1A-B68932767CFC}.AppStore|x64.Build.0 = Release|x64
		{65FE5F43-6BC7-4A95-8C1A-B68932767CFC}.AppStore|x64.Deploy.0 = Release|x64
		{65FE5F43-6BC7-4A95-8C1A-B68932767CFC}.AppStore|x86.ActiveCfg = Release|x86
		{65FE5F43-6BC7-4A95-8C1A-B68932767CFC}.AppStore|x86.Build.0 = Release|x86
		{65FE5F43-6BC7-4A95-8C1A-B68932767CFC}.AppStore|x86.Deploy.0 = Release|x86
		{65FE5F43-6BC7-4A95-8C1A-B68932767CFC}.Debug|Any CPU.ActiveCfg = Debug|x86
		{65FE5F43-6BC7-4A95-8C1A-B68932767CFC}.Debug|ARM.ActiveCfg = Debug|ARM
		{65FE5F43-6BC7-4A95-8C1A-B68932767CFC}.Debug|ARM.Build.0 = Debug|ARM
		{65FE5F43-6BC7-4A95-8C1A-B68932767CFC}.Debug|ARM.Deploy.0 = Debug|ARM
		{65FE5F43-6BC7-4A95-8C1A-B68932767CFC}.Debug|iPhone.ActiveCfg = Debug|x86
		{65FE5F43-6BC7-4A95-8C1A-B68932767CFC}.Debug|iPhoneSimulator.ActiveCfg = Debug|x86
		{65FE5F43-6BC7-4A95-8C1A-B68932767CFC}.Debug|x64.ActiveCfg = Debug|x64
		{65FE5F43-6BC7-4A95-8C1A-B68932767CFC}.Debug|x64.Build.0 = Debug|x64
		{65FE5F43-6BC7-4A95-8C1A-B68932767CFC}.Debug|x64.Deploy.0 = Debug|x64
		{65FE5F43-6BC7-4A95-8C1A-B68932767CFC}.Debug|x86.ActiveCfg = Debug|x86
		{65FE5F43-6BC7-4A95-8C1A-B68932767CFC}.Debug|x86.Build.0 = Debug|x86
		{65FE5F43-6BC7-4A95-8C1A-B68932767CFC}.Debug|x86.Deploy.0 = Debug|x86
		{65FE5F43-6BC7-4A95-8C1A-B68932767CFC}.Release|Any CPU.ActiveCfg = Release|x86
		{65FE5F43-6BC7-4A95-8C1A-B68932767CFC}.Release|ARM.ActiveCfg = Release|ARM
		{65FE5F43-6BC7-4A95-8C1A-B68932767CFC}.Release|ARM.Build.0 = Release|ARM
		{65FE5F43-6BC7-4A95-8C1A-B68932767CFC}.Release|ARM.Deploy.0 = Release|ARM
		{65FE5F43-6BC7-4A95-8C1A-B68932767CFC}.Release|iPhone.ActiveCfg = Release|x86
		{65FE5F43-6BC7-4A95-8C1A-B68932767CFC}.Release|iPhoneSimulator.ActiveCfg = Release|x86
		{65FE5F43-6BC7-4A95-8C1A-B68932767CFC}.Release|x64.ActiveCfg = Release|x64
		{65FE5F43-6BC7-4A95-8C1A-B68932767CFC}.Release|x64.Build.0 = Release|x64
		{65FE5F43-6BC7-4A95-8C1A-B68932767CFC}.Release|x64.Deploy.0 = Release|x64
		{65FE5F43-6BC7-4A95-8C1A-B68932767CFC}.Release|x86.ActiveCfg = Release|x86
		{65FE5F43-6BC7-4A95-8C1A-B68932767CFC}.Release|x86.Build.0 = Release|x86
		{65FE5F43-6BC7-4A95-8C1A-B68932767CFC}.Release|x86.Deploy.0 = Release|x86
		{FA2E35DB-1A62-4A72-A955-ACE97A294E07}.Ad-Hoc|Any CPU.ActiveCfg = Debug|Any CPU
		{FA2E35DB-1A62-4A72-A955-ACE97A294E07}.Ad-Hoc|Any CPU.Build.0 = Debug|Any CPU
		{FA2E35DB-1A62-4A72-A955-ACE97A294E07}.Ad-Hoc|ARM.ActiveCfg = Debug|Any CPU
		{FA2E35DB-1A62-4A72-A955-ACE97A294E07}.Ad-Hoc|ARM.Build.0 = Debug|Any CPU
		{FA2E35DB-1A62-4A72-A955-ACE97A294E07}.Ad-Hoc|iPhone.ActiveCfg = Debug|Any CPU
		{FA2E35DB-1A62-4A72-A955-ACE97A294E07}.Ad-Hoc|iPhone.Build.0 = Debug|Any CPU
		{FA2E35DB-1A62-4A72-A955-ACE97A294E07}.Ad-Hoc|iPhoneSimulator.ActiveCfg = Debug|Any CPU
		{FA2E35DB-1A62-4A72-A955-ACE97A294E07}.Ad-Hoc|iPhoneSimulator.Build.0 = Debug|Any CPU
		{FA2E35DB-1A62-4A72-A955-ACE97A294E07}.Ad-Hoc|x64.ActiveCfg = Debug|Any CPU
		{FA2E35DB-1A62-4A72-A955-ACE97A294E07}.Ad-Hoc|x64.Build.0 = Debug|Any CPU
		{FA2E35DB-1A62-4A72-A955-ACE97A294E07}.Ad-Hoc|x86.ActiveCfg = Debug|Any CPU
		{FA2E35DB-1A62-4A72-A955-ACE97A294E07}.Ad-Hoc|x86.Build.0 = Debug|Any CPU
		{FA2E35DB-1A62-4A72-A955-ACE97A294E07}.AppStore|Any CPU.ActiveCfg = Debug|Any CPU
		{FA2E35DB-1A62-4A72-A955-ACE97A294E07}.AppStore|Any CPU.Build.0 = Debug|Any CPU
		{FA2E35DB-1A62-4A72-A955-ACE97A294E07}.AppStore|ARM.ActiveCfg = Debug|Any CPU
		{FA2E35DB-1A62-4A72-A955-ACE97A294E07}.AppStore|ARM.Build.0 = Debug|Any CPU
		{FA2E35DB-1A62-4A72-A955-ACE97A294E07}.AppStore|iPhone.ActiveCfg = Debug|Any CPU
		{FA2E35DB-1A62-4A72-A955-ACE97A294E07}.AppStore|iPhone.Build.0 = Debug|Any CPU
		{FA2E35DB-1A62-4A72-A955-ACE97A294E07}.AppStore|iPhoneSimulator.ActiveCfg = Debug|Any CPU
		{FA2E35DB-1A62-4A72-A955-ACE97A294E07}.AppStore|iPhoneSimulator.Build.0 = Debug|Any CPU
		{FA2E35DB-1A62-4A72-A955-ACE97A294E07}.AppStore|x64.ActiveCfg = Debug|Any CPU
		{FA2E35DB-1A62-4A72-A955-ACE97A294E07}.AppStore|x64.Build.0 = Debug|Any CPU
		{FA2E35DB-1A62-4A72-A955-ACE97A294E07}.AppStore|x86.ActiveCfg = Debug|Any CPU
		{FA2E35DB-1A62-4A72-A955-ACE97A294E07}.AppStore|x86.Build.0 = Debug|Any CPU
		{FA2E35DB-1A62-4A72-A955-ACE97A294E07}.Debug|Any CPU.ActiveCfg = Debug|Any CPU
		{FA2E35DB-1A62-4A72-A955-ACE97A294E07}.Debug|Any CPU.Build.0 = Debug|Any CPU
		{FA2E35DB-1A62-4A72-A955-ACE97A294E07}.Debug|ARM.ActiveCfg = Debug|Any CPU
		{FA2E35DB-1A62-4A72-A955-ACE97A294E07}.Debug|ARM.Build.0 = Debug|Any CPU
		{FA2E35DB-1A62-4A72-A955-ACE97A294E07}.Debug|iPhone.ActiveCfg = Debug|Any CPU
		{FA2E35DB-1A62-4A72-A955-ACE97A294E07}.Debug|iPhone.Build.0 = Debug|Any CPU
		{FA2E35DB-1A62-4A72-A955-ACE97A294E07}.Debug|iPhoneSimulator.ActiveCfg = Debug|Any CPU
		{FA2E35DB-1A62-4A72-A955-ACE97A294E07}.Debug|iPhoneSimulator.Build.0 = Debug|Any CPU
		{FA2E35DB-1A62-4A72-A955-ACE97A294E07}.Debug|x64.ActiveCfg = Debug|Any CPU
		{FA2E35DB-1A62-4A72-A955-ACE97A294E07}.Debug|x64.Build.0 = Debug|Any CPU
		{FA2E35DB-1A62-4A72-A955-ACE97A294E07}.Debug|x86.ActiveCfg = Debug|Any CPU
		{FA2E35DB-1A62-4A72-A955-ACE97A294E07}.Debug|x86.Build.0 = Debug|Any CPU
		{FA2E35DB-1A62-4A72-A955-ACE97A294E07}.Release|Any CPU.ActiveCfg = Release|Any CPU
		{FA2E35DB-1A62-4A72-A955-ACE97A294E07}.Release|Any CPU.Build.0 = Release|Any CPU
		{FA2E35DB-1A62-4A72-A955-ACE97A294E07}.Release|ARM.ActiveCfg = Release|Any CPU
		{FA2E35DB-1A62-4A72-A955-ACE97A294E07}.Release|ARM.Build.0 = Release|Any CPU
		{FA2E35DB-1A62-4A72-A955-ACE97A294E07}.Release|iPhone.ActiveCfg = Release|Any CPU
		{FA2E35DB-1A62-4A72-A955-ACE97A294E07}.Release|iPhone.Build.0 = Release|Any CPU
		{FA2E35DB-1A62-4A72-A955-ACE97A294E07}.Release|iPhoneSimulator.ActiveCfg = Release|Any CPU
		{FA2E35DB-1A62-4A72-A955-ACE97A294E07}.Release|iPhoneSimulator.Build.0 = Release|Any CPU
		{FA2E35DB-1A62-4A72-A955-ACE97A294E07}.Release|x64.ActiveCfg = Release|Any CPU
		{FA2E35DB-1A62-4A72-A955-ACE97A294E07}.Release|x64.Build.0 = Release|Any CPU
		{FA2E35DB-1A62-4A72-A955-ACE97A294E07}.Release|x86.ActiveCfg = Release|Any CPU
		{FA2E35DB-1A62-4A72-A955-ACE97A294E07}.Release|x86.Build.0 = Release|Any CPU
	EndGlobalSection
	GlobalSection(SolutionProperties) = preSolution
		HideSolutionNode = FALSE
	EndGlobalSection
	GlobalSection(ExtensibilityGlobals) = postSolution
		SolutionGuid = {2984FAFD-CAD3-4961-9129-A7E5289946A0}
	EndGlobalSection
EndGlobal
